{
  "name": "tema-easygold",
  "version": "1.0.0",
  "lockfileVersion": 3,
  "requires": true,
  "packages": {
    "": {
      "name": "tema-easygold",
      "version": "1.0.0",
      "dependencies": {
        "@progress/kendo-theme-default": "12.0.0"
      }
    },
    "node_modules/@progress/kendo-svg-icons": {
      "version": "4.5.0",
      "resolved": "https://registry.npmjs.org/@progress/kendo-svg-icons/-/kendo-svg-icons-4.5.0.tgz",
      "integrity": "sha512-KO7KZNrm1Fi8jR4HLvaPmwzzsvswAZUlm6jQ0jHz9ck/iuREo8YWIUaVQxnzcmtCT3nRyrYMofLa13eR4PEhQg==",
      "license": "Apache-2.0"
    },
    "node_modules/@progress/kendo-theme-core": {
      "version": "12.0.0",
      "resolved": "https://registry.npmjs.org/@progress/kendo-theme-core/-/kendo-theme-core-12.0.0.tgz",
      "integrity": "sha512-IuqblI8IeAjWKwoYxPSXchXVn82BcticYu7dwySWbMWi9ZtC67Xfw2eI8gvEyHI4EfpHRQyao/GcOLKle9tZHg==",
      "license": "Apache-2.0"
    },
    "node_modules/@progress/kendo-theme-default": {
      "version": "12.0.0",
      "resolved": "https://registry.npmjs.org/@progress/kendo-theme-default/-/kendo-theme-default-12.0.0.tgz",
      "integrity": "sha512-dG47J7oQjwWYD/Fjfp2aX37/8P2ZIt+N84w1TJp86MpwZxkS+gfpX6grZ/6l47ZxbN3ExD+aQugs+2NHuIkNjQ==",
      "license": "Apache-2.0",
      "dependencies": {
        "@progress/kendo-svg-icons": "^4.1.0",
        "@progress/kendo-theme-core": "12.0.0",
        "@progress/kendo-theme-utils": "12.0.0"
      }
    },
    "node_modules/@progress/kendo-theme-utils": {
      "version": "12.0.0",
      "resolved": "https://registry.npmjs.org/@progress/kendo-theme-utils/-/kendo-theme-utils-12.0.0.tgz",
      "integrity": "sha512-UPfA2JrnN2xwoAQQGmbZtMpLqndhTolO4bdQSw+vAD3hFtsks78MYSWBdrNr5r/75muLlHJNLBwJqb1GHw5iAg==",
      "license": "Apache-2.0",
      "dependencies": {
        "@progress/kendo-theme-core": "12.0.0"
      }
    }
  }
}
